{
  "nodes": {
    "kolide-launcher": {
      "inputs": {
        "nixpkgs": [
          "nixpkgs"
        ]
      },
      "locked": {
        "lastModified": 1710943656,
        "narHash": "sha256-NeQnFlvMtXWpAAyi03G6RSsVd41LBuRnwjRPjrUroeY=",
        "owner": "kolide",
        "repo": "nix-agent",
        "rev": "90b7761a40a54dd94ca631b8a5f632e304e07d44",
        "type": "github"
      },
      "original": {
        "owner": "kolide",
        "ref": "main",
        "repo": "nix-agent",
        "type": "github"
      }
    },
    "mercury": {
      "locked": {
        "lastModified": 1715635871,
        "narHash": "sha256-PjPuwAiU0Eu+HxgbFy45KgKMLLaW+6YeiTJ7AKPYeXQ=",
        "ref": "main",
        "rev": "4166b1d088b6870cdc614c5f30f579ae10100fb9",
        "revCount": 61,
        "type": "git",
        "url": "ssh://git@github.com/mercurytechnologies/nixos-configuration.git"
      },
      "original": {
        "ref": "main",
        "type": "git",
        "url": "ssh://git@github.com/mercurytechnologies/nixos-configuration.git"
      }
    },
    "nixpkgs": {
      "locked": {
        "lastModified": 1724479785,
        "narHash": "sha256-pP3Azj5d6M5nmG68Fu4JqZmdGt4S4vqI5f8te+E/FTw=",
        "owner": "nixos",
        "repo": "nixpkgs",
        "rev": "d0e1602ddde669d5beb01aec49d71a51937ed7be",
        "type": "github"
      },
      "original": {
        "owner": "nixos",
        "ref": "nixos-unstable",
        "repo": "nixpkgs",
        "type": "github"
      }
    },
    "root": {
      "inputs": {
        "kolide-launcher": "kolide-launcher",
        "mercury": "mercury",
        "nixpkgs": "nixpkgs"
      }
    }
  },
  "root": "root",
  "version": 7
}
