{
  "nodes": {
    "kolide-launcher": {
      "inputs": {
        "nixpkgs": [
          "nixpkgs"
        ]
      },
      "locked": {
        "lastModified": 1710943656,
        "narHash": "sha256-NeQnFlvMtXWpAAyi03G6RSsVd41LBuRnwjRPjrUroeY=",
        "owner": "kolide",
        "repo": "nix-agent",
        "rev": "90b7761a40a54dd94ca631b8a5f632e304e07d44",
        "type": "github"
      },
      "original": {
        "owner": "kolide",
        "ref": "main",
        "repo": "nix-agent",
        "type": "github"
      }
    },
    "mercury": {
      "locked": {
        "lastModified": 1709325818,
        "narHash": "sha256-XKLPomwk37pjkgchzuseDqWOhOFPDm4CFeA/DcTDjlU=",
        "ref": "main",
        "rev": "4773cd2e6f7dd35e3a39305195a67ef6e3c471e7",
        "revCount": 60,
        "type": "git",
        "url": "ssh://git@github.com/mercurytechnologies/nixos-configuration.git"
      },
      "original": {
        "ref": "main",
        "type": "git",
        "url": "ssh://git@github.com/mercurytechnologies/nixos-configuration.git"
      }
    },
    "nixpkgs": {
      "locked": {
        "lastModified": 1714906307,
        "narHash": "sha256-UlRZtrCnhPFSJlDQE7M0eyhgvuuHBTe1eJ9N9AQlJQ0=",
        "owner": "nixos",
        "repo": "nixpkgs",
        "rev": "25865a40d14b3f9cf19f19b924e2ab4069b09588",
        "type": "github"
      },
      "original": {
        "owner": "nixos",
        "ref": "nixos-unstable",
        "repo": "nixpkgs",
        "type": "github"
      }
    },
    "root": {
      "inputs": {
        "kolide-launcher": "kolide-launcher",
        "mercury": "mercury",
        "nixpkgs": "nixpkgs"
      }
    }
  },
  "root": "root",
  "version": 7
}
